
Microsoft Visual Studio Solution File, Format Version 12.00
# Visual Studio Version 16
VisualStudioVersion = 16.0.30413.136
MinimumVisualStudioVersion = 10.0.40219.1
Project("{FAE04EC0-301F-11D3-BF4B-00C04F79EFBC}") = "CollectionsExample", "CollectionsExample\CollectionsExample.csproj", "{FAE65A42-5839-4FAC-B0E8-9AD69A22DDD7}"
EndProject
Global
	GlobalSection(SolutionConfigurationPlatforms) = preSolution
		Debug|Any CPU = Debug|Any CPU
		Release|Any CPU = Release|Any CPU
	EndGlobalSection
	GlobalSection(ProjectConfigurationPlatforms) = postSolution
		{FAE65A42-5839-4FAC-B0E8-9AD69A22DDD7}.Debug|Any CPU.ActiveCfg = Debug|Any CPU
		{FAE65A42-5839-4FAC-B0E8-9AD69A22DDD7}.Debug|Any CPU.Build.0 = Debug|Any CPU
		{FAE65A42-5839-4FAC-B0E8-9AD69A22DDD7}.Release|Any CPU.ActiveCfg = Release|Any CPU
		{FAE65A42-5839-4FAC-B0E8-9AD69A22DDD7}.Release|Any CPU.Build.0 = Release|Any CPU
	EndGlobalSection
	GlobalSection(SolutionProperties) = preSolution
		HideSolutionNode = FALSE
	EndGlobalSection
	GlobalSection(ExtensibilityGlobals) = postSolution
		SolutionGuid = {B6A4D9E3-19F1-488E-ABE3-731CFA5F03D1}
	EndGlobalSection
EndGlobal
